
Microsoft Visual Studio Solution File, Format Version 12.00
# Visual Studio Version 16
VisualStudioVersion = 16.0.30413.136
MinimumVisualStudioVersion = 10.0.40219.1
Project("{9A19103F-16F7-4668-BE54-9A1E7A4F7556}") = "CG.Blazor.Forms.Tests", "..\tests\CG.Blazor.Forms.Tests\CG.Blazor.Forms.Tests.csproj", "{444F01A6-66E0-4CF4-A095-50D5594A5412}"
EndProject
Project("{FAE04EC0-301F-11D3-BF4B-00C04F79EFBC}") = "CG.Blazor.Forms", "CG.Blazor.Forms\CG.Blazor.Forms.csproj", "{83A86422-46CD-4D86-A9DC-57FB96E1F5D3}"
EndProject
Global
	GlobalSection(SolutionConfigurationPlatforms) = preSolution
		Debug|Any CPU = Debug|Any CPU
		Release|Any CPU = Release|Any CPU
	EndGlobalSection
	GlobalSection(ProjectConfigurationPlatforms) = postSolution
		{444F01A6-66E0-4CF4-A095-50D5594A5412}.Debug|Any CPU.ActiveCfg = Debug|Any CPU
		{444F01A6-66E0-4CF4-A095-50D5594A5412}.Debug|Any CPU.Build.0 = Debug|Any CPU
		{444F01A6-66E0-4CF4-A095-50D5594A5412}.Release|Any CPU.ActiveCfg = Release|Any CPU
		{444F01A6-66E0-4CF4-A095-50D5594A5412}.Release|Any CPU.Build.0 = Release|Any CPU
		{83A86422-46CD-4D86-A9DC-57FB96E1F5D3}.Debug|Any CPU.ActiveCfg = Debug|Any CPU
		{83A86422-46CD-4D86-A9DC-57FB96E1F5D3}.Debug|Any CPU.Build.0 = Debug|Any CPU
		{83A86422-46CD-4D86-A9DC-57FB96E1F5D3}.Release|Any CPU.ActiveCfg = Release|Any CPU
		{83A86422-46CD-4D86-A9DC-57FB96E1F5D3}.Release|Any CPU.Build.0 = Release|Any CPU
	EndGlobalSection
	GlobalSection(SolutionProperties) = preSolution
		HideSolutionNode = FALSE
	EndGlobalSection
	GlobalSection(ExtensibilityGlobals) = postSolution
		SolutionGuid = {0ADF1B29-BC31-4E5F-A4DA-DC164588D263}
	EndGlobalSection
EndGlobal
